
Microsoft Visual Studio Solution File, Format Version 12.00
# Visual Studio Version 17
VisualStudioVersion = 17.9.34701.34
MinimumVisualStudioVersion = 10.0.40219.1
Project("{FAE04EC0-301F-11D3-BF4B-00C04F79EFBC}") = "BangunDatar", "BangunDatar.csproj", "{74B85B2E-2D21-4AE6-B71C-EDC0696A50AA}"
EndProject
Global
	GlobalSection(SolutionConfigurationPlatforms) = preSolution
		Debug|Any CPU = Debug|Any CPU
		Release|Any CPU = Release|Any CPU
	EndGlobalSection
	GlobalSection(ProjectConfigurationPlatforms) = postSolution
		{74B85B2E-2D21-4AE6-B71C-EDC0696A50AA}.Debug|Any CPU.ActiveCfg = Debug|Any CPU
		{74B85B2E-2D21-4AE6-B71C-EDC0696A50AA}.Debug|Any CPU.Build.0 = Debug|Any CPU
		{74B85B2E-2D21-4AE6-B71C-EDC0696A50AA}.Release|Any CPU.ActiveCfg = Release|Any CPU
		{74B85B2E-2D21-4AE6-B71C-EDC0696A50AA}.Release|Any CPU.Build.0 = Release|Any CPU
	EndGlobalSection
	GlobalSection(SolutionProperties) = preSolution
		HideSolutionNode = FALSE
	EndGlobalSection
	GlobalSection(ExtensibilityGlobals) = postSolution
		SolutionGuid = {72A1ABB2-69AE-4BA2-AA57-D474E6A2606B}
	EndGlobalSection
EndGlobal
